# This file is autogenerated, do not edit; changes may be undone by the next 'dep ensure'.


[[projects]]
  name = "github.com/PuerkitoBio/purell"
  packages = ["."]
  revision = "0bcb03f4b4d0a9428594752bd2a3b9aa0a9d4bd4"
  version = "v1.1.0"

[[projects]]
  branch = "master"
  name = "github.com/PuerkitoBio/urlesc"
  packages = ["."]
  revision = "de5bf2ad457846296e2031421a34e2568e304e35"

[[projects]]
  branch = "master"
  name = "github.com/dustin/go-humanize"
  packages = ["."]
  revision = "79e699ccd02f240a1f1fbbdcee7e64c1c12e41aa"

[[projects]]
  branch = "master"
  name = "github.com/goware/urlx"
  packages = ["."]
  revision = "e22571dfbd216d3ca34207d9a1d877f38d8f051c"

[[projects]]
  name = "github.com/schollz/cowyo"
  packages = ["encrypt"]
  revision = "90a8ea1706a50fdab58d29b02e620c86511fd514"
  version = "v2.6.0"

[[projects]]
  branch = "master"
  name = "github.com/schollz/cryptopasta"
  packages = ["."]
  revision = "dcd61c7d42a11660da3789311050e961c0a5be55"

[[projects]]
  branch = "master"
  name = "github.com/schollz/lumber"
  packages = ["."]
  revision = "dd349441af25132d146d7095c6693a15431fc9b1"

[[projects]]
  branch = "master"
  name = "github.com/schollz/mnemonicode"
  packages = ["."]
  revision = "15c9654387fad6d257aa28f9be57b9f124101955"

[[projects]]
  name = "github.com/urfave/cli"
  packages = ["."]
  revision = "cfb38830724cc34fedffe9a2a29fb54fa9169cd1"
  version = "v1.20.0"

[[projects]]
  branch = "master"
  name = "golang.org/x/crypto"
  packages = ["bcrypt","blowfish"]
  revision = "9419663f5a44be8b34ca85f08abc5fe1be11f8a3"

[[projects]]
  branch = "master"
  name = "golang.org/x/net"
  packages = ["idna"]
  revision = "0a9397675ba34b2845f758fe3cd68828369c6517"

[[projects]]
  branch = "master"
  name = "golang.org/x/text"
  packages = ["collate","collate/build","internal/colltab","internal/gen","internal/tag","internal/triegen","internal/ucd","language","secure/bidirule","transform","unicode/bidi","unicode/cldr","unicode/norm","unicode/rangetable","width"]
  revision = "1cbadb444a806fd9430d14ad08967ed91da4fa0a"

[solve-meta]
  analyzer-name = "dep"
  analyzer-version = 1
  inputs-digest = "d0405c1300400b8c1879a52bc372851789f9d7d761d612ee5b928037ed838aa2"
  solver-name = "gps-cdcl"
  solver-version = 1
